
Microsoft Visual Studio Solution File, Format Version 12.00
Project("{FAE04EC0-301F-11D3-BF4B-00C04F79EFBC}") = "WorldOfCrypto.DiffieHellman", "src\WorldOfCrypto.DiffieHellman\WorldOfCrypto.DiffieHellman.csproj", "{B1E03351-3767-4CBC-9B9B-0EF045BEE4E3}"
EndProject
Project("{FAE04EC0-301F-11D3-BF4B-00C04F79EFBC}") = "WorldOfCrypto.DiffieHellman.Tests", "tests\WorldOfCrypto.DiffieHellman.Tests\WorldOfCrypto.DiffieHellman.Tests.csproj", "{ED54FAA0-2363-4279-B909-B73159793DC9}"
EndProject
Project("{FAE04EC0-301F-11D3-BF4B-00C04F79EFBC}") = "WorldOfCrypto.ChaCha20", "src\WorldOfCrypto.ChaCha20\WorldOfCrypto.ChaCha20.csproj", "{5C119D28-A406-42DD-8AD6-50954751765D}"
EndProject
Project("{FAE04EC0-301F-11D3-BF4B-00C04F79EFBC}") = "WorldOfCrypto.ChaCha20.Tests", "tests\WorldOfCrypto.ChaCha20.Tests\WorldOfCrypto.ChaCha20.Tests.csproj", "{8FBB0938-7C2B-47BF-A522-3FFFFE7737BE}"
EndProject
Global
	GlobalSection(SolutionConfigurationPlatforms) = preSolution
		Debug|Any CPU = Debug|Any CPU
		Release|Any CPU = Release|Any CPU
	EndGlobalSection
	GlobalSection(ProjectConfigurationPlatforms) = postSolution
		{B1E03351-3767-4CBC-9B9B-0EF045BEE4E3}.Debug|Any CPU.ActiveCfg = Debug|Any CPU
		{B1E03351-3767-4CBC-9B9B-0EF045BEE4E3}.Debug|Any CPU.Build.0 = Debug|Any CPU
		{B1E03351-3767-4CBC-9B9B-0EF045BEE4E3}.Release|Any CPU.ActiveCfg = Release|Any CPU
		{B1E03351-3767-4CBC-9B9B-0EF045BEE4E3}.Release|Any CPU.Build.0 = Release|Any CPU
		{ED54FAA0-2363-4279-B909-B73159793DC9}.Debug|Any CPU.ActiveCfg = Debug|Any CPU
		{ED54FAA0-2363-4279-B909-B73159793DC9}.Debug|Any CPU.Build.0 = Debug|Any CPU
		{ED54FAA0-2363-4279-B909-B73159793DC9}.Release|Any CPU.ActiveCfg = Release|Any CPU
		{ED54FAA0-2363-4279-B909-B73159793DC9}.Release|Any CPU.Build.0 = Release|Any CPU
		{5C119D28-A406-42DD-8AD6-50954751765D}.Debug|Any CPU.ActiveCfg = Debug|Any CPU
		{5C119D28-A406-42DD-8AD6-50954751765D}.Debug|Any CPU.Build.0 = Debug|Any CPU
		{5C119D28-A406-42DD-8AD6-50954751765D}.Release|Any CPU.ActiveCfg = Release|Any CPU
		{5C119D28-A406-42DD-8AD6-50954751765D}.Release|Any CPU.Build.0 = Release|Any CPU
		{8FBB0938-7C2B-47BF-A522-3FFFFE7737BE}.Debug|Any CPU.ActiveCfg = Debug|Any CPU
		{8FBB0938-7C2B-47BF-A522-3FFFFE7737BE}.Debug|Any CPU.Build.0 = Debug|Any CPU
		{8FBB0938-7C2B-47BF-A522-3FFFFE7737BE}.Release|Any CPU.ActiveCfg = Release|Any CPU
		{8FBB0938-7C2B-47BF-A522-3FFFFE7737BE}.Release|Any CPU.Build.0 = Release|Any CPU
	EndGlobalSection
EndGlobal
